
Microsoft Visual Studio Solution File, Format Version 12.00
# Visual Studio Version 17
VisualStudioVersion = 17.2.32526.322
MinimumVisualStudioVersion = 10.0.40219.1
Project("{9A19103F-16F7-4668-BE54-9A1E7A4F7556}") = "HomeWork5.1", "ConsoleApp1\HomeWork5.1.csproj", "{2CA802E8-854F-47A7-BF35-34011184E46C}"
EndProject
Project("{FAE04EC0-301F-11D3-BF4B-00C04F79EFBC}") = "HomeWork5.2", "HomeWork5.2\HomeWork5.2.csproj", "{C785D3CB-F15F-4D97-8132-998FE66DC72E}"
EndProject
Global
	GlobalSection(SolutionConfigurationPlatforms) = preSolution
		Debug|Any CPU = Debug|Any CPU
		Release|Any CPU = Release|Any CPU
	EndGlobalSection
	GlobalSection(ProjectConfigurationPlatforms) = postSolution
		{2CA802E8-854F-47A7-BF35-34011184E46C}.Debug|Any CPU.ActiveCfg = Debug|Any CPU
		{2CA802E8-854F-47A7-BF35-34011184E46C}.Debug|Any CPU.Build.0 = Debug|Any CPU
		{2CA802E8-854F-47A7-BF35-34011184E46C}.Release|Any CPU.ActiveCfg = Release|Any CPU
		{2CA802E8-854F-47A7-BF35-34011184E46C}.Release|Any CPU.Build.0 = Release|Any CPU
		{C785D3CB-F15F-4D97-8132-998FE66DC72E}.Debug|Any CPU.ActiveCfg = Debug|Any CPU
		{C785D3CB-F15F-4D97-8132-998FE66DC72E}.Debug|Any CPU.Build.0 = Debug|Any CPU
		{C785D3CB-F15F-4D97-8132-998FE66DC72E}.Release|Any CPU.ActiveCfg = Release|Any CPU
		{C785D3CB-F15F-4D97-8132-998FE66DC72E}.Release|Any CPU.Build.0 = Release|Any CPU
	EndGlobalSection
	GlobalSection(SolutionProperties) = preSolution
		HideSolutionNode = FALSE
	EndGlobalSection
	GlobalSection(ExtensibilityGlobals) = postSolution
		SolutionGuid = {72E8B7FC-F86B-4473-93F0-B801CBD48A16}
	EndGlobalSection
EndGlobal
